
Microsoft Visual Studio Solution File, Format Version 12.00
Project("{FAE04EC0-301F-11D3-BF4B-00C04F79EFBC}") = "Vidly", "Vidly\Vidly.csproj", "{7A9C8D81-566F-4F8D-81C0-D1741C693AFA}"
EndProject
Global
	GlobalSection(SolutionConfigurationPlatforms) = preSolution
		Debug|Any CPU = Debug|Any CPU
		Release|Any CPU = Release|Any CPU
	EndGlobalSection
	GlobalSection(ProjectConfigurationPlatforms) = postSolution
		{7A9C8D81-566F-4F8D-81C0-D1741C693AFA}.Debug|Any CPU.ActiveCfg = Debug|Any CPU
		{7A9C8D81-566F-4F8D-81C0-D1741C693AFA}.Debug|Any CPU.Build.0 = Debug|Any CPU
		{7A9C8D81-566F-4F8D-81C0-D1741C693AFA}.Release|Any CPU.ActiveCfg = Release|Any CPU
		{7A9C8D81-566F-4F8D-81C0-D1741C693AFA}.Release|Any CPU.Build.0 = Release|Any CPU
	EndGlobalSection
EndGlobal
